
Microsoft Visual Studio Solution File, Format Version 11.00
# Visual Studio 2010
Project("{FAE04EC0-301F-11D3-BF4B-00C04F79EFBC}") = "Rotation.Game", "Rotation.Game\Rotation.Game\Rotation.Game.csproj", "{7589B472-C289-4B7B-B91C-FD6633116F3E}"
EndProject
Project("{FAE04EC0-301F-11D3-BF4B-00C04F79EFBC}") = "Rotation.Drawing", "Rotation.Drawing\Rotation.Drawing.csproj", "{1D831CB5-9771-424C-B466-40B232305202}"
EndProject
Project("{2150E333-8FDC-42A3-9474-1A3956D46DE8}") = "Tests", "Tests", "{6D4A7522-6B5D-4B9B-A110-5B82112BCC5E}"
EndProject
Project("{FAE04EC0-301F-11D3-BF4B-00C04F79EFBC}") = "Rotation.GameObjects", "Rotation.GameObjects\Rotation.GameObjects.csproj", "{759DF5D1-DF21-4F41-9BFA-07FCF9A56539}"
EndProject
Project("{FAE04EC0-301F-11D3-BF4B-00C04F79EFBC}") = "Rotation.GameContent", "Rotation.Game\Rotation.GameContent\Rotation.GameContent.contentproj", "{7C31BCBD-C8CF-4CEC-A5E5-42C9A92A87DC}"
EndProject
Project("{FAE04EC0-301F-11D3-BF4B-00C04F79EFBC}") = "Rotation.Drawing.Tests", "Tests\Rotation.Drawing.Tests\Rotation.Drawing.Tests.csproj", "{4CF3586F-996C-4E36-8AFD-1BA2CC4D6C6F}"
EndProject
Project("{FAE04EC0-301F-11D3-BF4B-00C04F79EFBC}") = "Rotation.GameObjects.Tests", "Tests\Rotation.Tests\Rotation.GameObjects.Tests.csproj", "{D81D2A6D-37A7-4F57-B5F1-0AB716D5153B}"
EndProject
Project("{FAE04EC0-301F-11D3-BF4B-00C04F79EFBC}") = "Rotation.Tests.Common", "Tests\Rotation.Tests.Common\Rotation.Tests.Common.csproj", "{753F6814-8D74-420A-AD62-493EBBEBE849}"
EndProject
Project("{2150E333-8FDC-42A3-9474-1A3956D46DE8}") = "Design", "Design", "{8B960772-6200-471C-BD07-568E7CC036A5}"
EndProject
Project("{F088123C-0E9E-452A-89E6-6BA2F21D5CAC}") = "Rotation.Design", "Rotation.Design\Rotation.Design.modelproj", "{645C3622-CFA4-4B82-A8A1-6C1DBBE9148F}"
EndProject
Global
	GlobalSection(SolutionConfigurationPlatforms) = preSolution
		Debug|Any CPU = Debug|Any CPU
		Debug|Mixed Platforms = Debug|Mixed Platforms
		Debug|x86 = Debug|x86
		Release|Any CPU = Release|Any CPU
		Release|Mixed Platforms = Release|Mixed Platforms
		Release|x86 = Release|x86
	EndGlobalSection
	GlobalSection(ProjectConfigurationPlatforms) = postSolution
		{7589B472-C289-4B7B-B91C-FD6633116F3E}.Debug|Any CPU.ActiveCfg = Debug|x86
		{7589B472-C289-4B7B-B91C-FD6633116F3E}.Debug|Mixed Platforms.ActiveCfg = Debug|x86
		{7589B472-C289-4B7B-B91C-FD6633116F3E}.Debug|Mixed Platforms.Build.0 = Debug|x86
		{7589B472-C289-4B7B-B91C-FD6633116F3E}.Debug|x86.ActiveCfg = Debug|x86
		{7589B472-C289-4B7B-B91C-FD6633116F3E}.Debug|x86.Build.0 = Debug|x86
		{7589B472-C289-4B7B-B91C-FD6633116F3E}.Release|Any CPU.ActiveCfg = Release|x86
		{7589B472-C289-4B7B-B91C-FD6633116F3E}.Release|Mixed Platforms.ActiveCfg = Release|x86
		{7589B472-C289-4B7B-B91C-FD6633116F3E}.Release|Mixed Platforms.Build.0 = Release|x86
		{7589B472-C289-4B7B-B91C-FD6633116F3E}.Release|x86.ActiveCfg = Release|x86
		{7589B472-C289-4B7B-B91C-FD6633116F3E}.Release|x86.Build.0 = Release|x86
		{1D831CB5-9771-424C-B466-40B232305202}.Debug|Any CPU.ActiveCfg = Debug|x86
		{1D831CB5-9771-424C-B466-40B232305202}.Debug|Any CPU.Build.0 = Debug|x86
		{1D831CB5-9771-424C-B466-40B232305202}.Debug|Mixed Platforms.ActiveCfg = Debug|Any CPU
		{1D831CB5-9771-424C-B466-40B232305202}.Debug|Mixed Platforms.Build.0 = Debug|Any CPU
		{1D831CB5-9771-424C-B466-40B232305202}.Debug|x86.ActiveCfg = Debug|x86
		{1D831CB5-9771-424C-B466-40B232305202}.Debug|x86.Build.0 = Debug|x86
		{1D831CB5-9771-424C-B466-40B232305202}.Release|Any CPU.ActiveCfg = Release|Any CPU
		{1D831CB5-9771-424C-B466-40B232305202}.Release|Any CPU.Build.0 = Release|Any CPU
		{1D831CB5-9771-424C-B466-40B232305202}.Release|Mixed Platforms.ActiveCfg = Release|Any CPU
		{1D831CB5-9771-424C-B466-40B232305202}.Release|Mixed Platforms.Build.0 = Release|Any CPU
		{1D831CB5-9771-424C-B466-40B232305202}.Release|x86.ActiveCfg = Release|Any CPU
		{759DF5D1-DF21-4F41-9BFA-07FCF9A56539}.Debug|Any CPU.ActiveCfg = Debug|x86
		{759DF5D1-DF21-4F41-9BFA-07FCF9A56539}.Debug|Any CPU.Build.0 = Debug|x86
		{759DF5D1-DF21-4F41-9BFA-07FCF9A56539}.Debug|Mixed Platforms.ActiveCfg = Debug|Any CPU
		{759DF5D1-DF21-4F41-9BFA-07FCF9A56539}.Debug|Mixed Platforms.Build.0 = Debug|Any CPU
		{759DF5D1-DF21-4F41-9BFA-07FCF9A56539}.Debug|x86.ActiveCfg = Debug|x86
		{759DF5D1-DF21-4F41-9BFA-07FCF9A56539}.Debug|x86.Build.0 = Debug|x86
		{759DF5D1-DF21-4F41-9BFA-07FCF9A56539}.Release|Any CPU.ActiveCfg = Release|Any CPU
		{759DF5D1-DF21-4F41-9BFA-07FCF9A56539}.Release|Any CPU.Build.0 = Release|Any CPU
		{759DF5D1-DF21-4F41-9BFA-07FCF9A56539}.Release|Mixed Platforms.ActiveCfg = Release|Any CPU
		{759DF5D1-DF21-4F41-9BFA-07FCF9A56539}.Release|Mixed Platforms.Build.0 = Release|Any CPU
		{759DF5D1-DF21-4F41-9BFA-07FCF9A56539}.Release|x86.ActiveCfg = Release|Any CPU
		{7C31BCBD-C8CF-4CEC-A5E5-42C9A92A87DC}.Debug|Any CPU.ActiveCfg = Debug|x86
		{7C31BCBD-C8CF-4CEC-A5E5-42C9A92A87DC}.Debug|Mixed Platforms.ActiveCfg = Debug|x86
		{7C31BCBD-C8CF-4CEC-A5E5-42C9A92A87DC}.Debug|x86.ActiveCfg = Debug|x86
		{7C31BCBD-C8CF-4CEC-A5E5-42C9A92A87DC}.Debug|x86.Build.0 = Debug|x86
		{7C31BCBD-C8CF-4CEC-A5E5-42C9A92A87DC}.Release|Any CPU.ActiveCfg = Release|x86
		{7C31BCBD-C8CF-4CEC-A5E5-42C9A92A87DC}.Release|Mixed Platforms.ActiveCfg = Release|x86
		{7C31BCBD-C8CF-4CEC-A5E5-42C9A92A87DC}.Release|x86.ActiveCfg = Release|x86
		{4CF3586F-996C-4E36-8AFD-1BA2CC4D6C6F}.Debug|Any CPU.ActiveCfg = Debug|Any CPU
		{4CF3586F-996C-4E36-8AFD-1BA2CC4D6C6F}.Debug|Any CPU.Build.0 = Debug|Any CPU
		{4CF3586F-996C-4E36-8AFD-1BA2CC4D6C6F}.Debug|Mixed Platforms.ActiveCfg = Debug|x86
		{4CF3586F-996C-4E36-8AFD-1BA2CC4D6C6F}.Debug|Mixed Platforms.Build.0 = Debug|x86
		{4CF3586F-996C-4E36-8AFD-1BA2CC4D6C6F}.Debug|x86.ActiveCfg = Debug|x86
		{4CF3586F-996C-4E36-8AFD-1BA2CC4D6C6F}.Debug|x86.Build.0 = Debug|x86
		{4CF3586F-996C-4E36-8AFD-1BA2CC4D6C6F}.Release|Any CPU.ActiveCfg = Release|Any CPU
		{4CF3586F-996C-4E36-8AFD-1BA2CC4D6C6F}.Release|Any CPU.Build.0 = Release|Any CPU
		{4CF3586F-996C-4E36-8AFD-1BA2CC4D6C6F}.Release|Mixed Platforms.ActiveCfg = Release|x86
		{4CF3586F-996C-4E36-8AFD-1BA2CC4D6C6F}.Release|Mixed Platforms.Build.0 = Release|x86
		{4CF3586F-996C-4E36-8AFD-1BA2CC4D6C6F}.Release|x86.ActiveCfg = Release|x86
		{4CF3586F-996C-4E36-8AFD-1BA2CC4D6C6F}.Release|x86.Build.0 = Release|x86
		{D81D2A6D-37A7-4F57-B5F1-0AB716D5153B}.Debug|Any CPU.ActiveCfg = Debug|Any CPU
		{D81D2A6D-37A7-4F57-B5F1-0AB716D5153B}.Debug|Any CPU.Build.0 = Debug|Any CPU
		{D81D2A6D-37A7-4F57-B5F1-0AB716D5153B}.Debug|Mixed Platforms.ActiveCfg = Debug|x86
		{D81D2A6D-37A7-4F57-B5F1-0AB716D5153B}.Debug|Mixed Platforms.Build.0 = Debug|x86
		{D81D2A6D-37A7-4F57-B5F1-0AB716D5153B}.Debug|x86.ActiveCfg = Debug|x86
		{D81D2A6D-37A7-4F57-B5F1-0AB716D5153B}.Debug|x86.Build.0 = Debug|x86
		{D81D2A6D-37A7-4F57-B5F1-0AB716D5153B}.Release|Any CPU.ActiveCfg = Release|Any CPU
		{D81D2A6D-37A7-4F57-B5F1-0AB716D5153B}.Release|Any CPU.Build.0 = Release|Any CPU
		{D81D2A6D-37A7-4F57-B5F1-0AB716D5153B}.Release|Mixed Platforms.ActiveCfg = Release|x86
		{D81D2A6D-37A7-4F57-B5F1-0AB716D5153B}.Release|Mixed Platforms.Build.0 = Release|x86
		{D81D2A6D-37A7-4F57-B5F1-0AB716D5153B}.Release|x86.ActiveCfg = Release|x86
		{D81D2A6D-37A7-4F57-B5F1-0AB716D5153B}.Release|x86.Build.0 = Release|x86
		{753F6814-8D74-420A-AD62-493EBBEBE849}.Debug|Any CPU.ActiveCfg = Debug|Any CPU
		{753F6814-8D74-420A-AD62-493EBBEBE849}.Debug|Any CPU.Build.0 = Debug|Any CPU
		{753F6814-8D74-420A-AD62-493EBBEBE849}.Debug|Mixed Platforms.ActiveCfg = Debug|x86
		{753F6814-8D74-420A-AD62-493EBBEBE849}.Debug|Mixed Platforms.Build.0 = Debug|x86
		{753F6814-8D74-420A-AD62-493EBBEBE849}.Debug|x86.ActiveCfg = Debug|x86
		{753F6814-8D74-420A-AD62-493EBBEBE849}.Debug|x86.Build.0 = Debug|x86
		{753F6814-8D74-420A-AD62-493EBBEBE849}.Release|Any CPU.ActiveCfg = Release|Any CPU
		{753F6814-8D74-420A-AD62-493EBBEBE849}.Release|Any CPU.Build.0 = Release|Any CPU
		{753F6814-8D74-420A-AD62-493EBBEBE849}.Release|Mixed Platforms.ActiveCfg = Release|x86
		{753F6814-8D74-420A-AD62-493EBBEBE849}.Release|Mixed Platforms.Build.0 = Release|x86
		{753F6814-8D74-420A-AD62-493EBBEBE849}.Release|x86.ActiveCfg = Release|x86
		{753F6814-8D74-420A-AD62-493EBBEBE849}.Release|x86.Build.0 = Release|x86
		{645C3622-CFA4-4B82-A8A1-6C1DBBE9148F}.Debug|Any CPU.ActiveCfg = Debug|Any CPU
		{645C3622-CFA4-4B82-A8A1-6C1DBBE9148F}.Debug|Any CPU.Build.0 = Debug|Any CPU
		{645C3622-CFA4-4B82-A8A1-6C1DBBE9148F}.Debug|Mixed Platforms.ActiveCfg = Debug|Any CPU
		{645C3622-CFA4-4B82-A8A1-6C1DBBE9148F}.Debug|Mixed Platforms.Build.0 = Debug|Any CPU
		{645C3622-CFA4-4B82-A8A1-6C1DBBE9148F}.Debug|x86.ActiveCfg = Debug|Any CPU
		{645C3622-CFA4-4B82-A8A1-6C1DBBE9148F}.Release|Any CPU.ActiveCfg = Release|Any CPU
		{645C3622-CFA4-4B82-A8A1-6C1DBBE9148F}.Release|Any CPU.Build.0 = Release|Any CPU
		{645C3622-CFA4-4B82-A8A1-6C1DBBE9148F}.Release|Mixed Platforms.ActiveCfg = Release|Any CPU
		{645C3622-CFA4-4B82-A8A1-6C1DBBE9148F}.Release|Mixed Platforms.Build.0 = Release|Any CPU
		{645C3622-CFA4-4B82-A8A1-6C1DBBE9148F}.Release|x86.ActiveCfg = Release|Any CPU
	EndGlobalSection
	GlobalSection(SolutionProperties) = preSolution
		HideSolutionNode = FALSE
	EndGlobalSection
	GlobalSection(NestedProjects) = preSolution
		{4CF3586F-996C-4E36-8AFD-1BA2CC4D6C6F} = {6D4A7522-6B5D-4B9B-A110-5B82112BCC5E}
		{D81D2A6D-37A7-4F57-B5F1-0AB716D5153B} = {6D4A7522-6B5D-4B9B-A110-5B82112BCC5E}
		{753F6814-8D74-420A-AD62-493EBBEBE849} = {6D4A7522-6B5D-4B9B-A110-5B82112BCC5E}
		{645C3622-CFA4-4B82-A8A1-6C1DBBE9148F} = {8B960772-6200-471C-BD07-568E7CC036A5}
	EndGlobalSection
EndGlobal
