
Microsoft Visual Studio Solution File, Format Version 11.00
# Visual Studio 2010
Project("{FAE04EC0-301F-11D3-BF4B-00C04F79EFBC}") = "Rotation.GameObjects", "Rotation.GameObjects\Rotation.GameObjects.csproj", "{759DF5D1-DF21-4F41-9BFA-07FCF9A56539}"
EndProject
Project("{2150E333-8FDC-42A3-9474-1A3956D46DE8}") = "Tests", "Tests", "{0EA9B5E9-AC49-4366-9745-F94BD0608A29}"
EndProject
Project("{FAE04EC0-301F-11D3-BF4B-00C04F79EFBC}") = "Rotation.GameObjects.Tests", "Tests\Rotation.Tests\Rotation.GameObjects.Tests.csproj", "{D81D2A6D-37A7-4F57-B5F1-0AB716D5153B}"
EndProject
Project("{FAE04EC0-301F-11D3-BF4B-00C04F79EFBC}") = "Rotation.Tests.Common", "Tests\Rotation.Tests.Common\Rotation.Tests.Common.csproj", "{753F6814-8D74-420A-AD62-493EBBEBE849}"
EndProject
Project("{FAE04EC0-301F-11D3-BF4B-00C04F79EFBC}") = "Rotation", "RotationiPhoneGame\Rotation.csproj", "{76465AEE-B57B-4F86-8E28-8A543408504F}"
EndProject
Global
	GlobalSection(SolutionConfigurationPlatforms) = preSolution
		Debug|iPhoneSimulator = Debug|iPhoneSimulator
		Release|iPhoneSimulator = Release|iPhoneSimulator
		Debug|iPhone = Debug|iPhone
		Release|iPhone = Release|iPhone
		Ad-Hoc|iPhone = Ad-Hoc|iPhone
		AppStore|iPhone = AppStore|iPhone
		Debug|x86 = Debug|x86
		Release|x86 = Release|x86
	EndGlobalSection
	GlobalSection(ProjectConfigurationPlatforms) = postSolution
		{753F6814-8D74-420A-AD62-493EBBEBE849}.Ad-Hoc|iPhone.ActiveCfg = Debug|Any CPU
		{753F6814-8D74-420A-AD62-493EBBEBE849}.Ad-Hoc|iPhone.Build.0 = Debug|Any CPU
		{753F6814-8D74-420A-AD62-493EBBEBE849}.AppStore|iPhone.ActiveCfg = Debug|Any CPU
		{753F6814-8D74-420A-AD62-493EBBEBE849}.AppStore|iPhone.Build.0 = Debug|Any CPU
		{753F6814-8D74-420A-AD62-493EBBEBE849}.Debug|iPhone.ActiveCfg = Debug|Any CPU
		{753F6814-8D74-420A-AD62-493EBBEBE849}.Debug|iPhone.Build.0 = Debug|Any CPU
		{753F6814-8D74-420A-AD62-493EBBEBE849}.Debug|iPhoneSimulator.ActiveCfg = Debug|Any CPU
		{753F6814-8D74-420A-AD62-493EBBEBE849}.Debug|iPhoneSimulator.Build.0 = Debug|Any CPU
		{753F6814-8D74-420A-AD62-493EBBEBE849}.Debug|x86.ActiveCfg = Debug|x86
		{753F6814-8D74-420A-AD62-493EBBEBE849}.Debug|x86.Build.0 = Debug|x86
		{753F6814-8D74-420A-AD62-493EBBEBE849}.Release|iPhone.ActiveCfg = Release|Any CPU
		{753F6814-8D74-420A-AD62-493EBBEBE849}.Release|iPhone.Build.0 = Release|Any CPU
		{753F6814-8D74-420A-AD62-493EBBEBE849}.Release|iPhoneSimulator.ActiveCfg = Release|Any CPU
		{753F6814-8D74-420A-AD62-493EBBEBE849}.Release|iPhoneSimulator.Build.0 = Release|Any CPU
		{753F6814-8D74-420A-AD62-493EBBEBE849}.Release|x86.ActiveCfg = Release|x86
		{753F6814-8D74-420A-AD62-493EBBEBE849}.Release|x86.Build.0 = Release|x86
		{759DF5D1-DF21-4F41-9BFA-07FCF9A56539}.Ad-Hoc|iPhone.ActiveCfg = Debug|Any CPU
		{759DF5D1-DF21-4F41-9BFA-07FCF9A56539}.Ad-Hoc|iPhone.Build.0 = Debug|Any CPU
		{759DF5D1-DF21-4F41-9BFA-07FCF9A56539}.AppStore|iPhone.ActiveCfg = Debug|Any CPU
		{759DF5D1-DF21-4F41-9BFA-07FCF9A56539}.AppStore|iPhone.Build.0 = Debug|Any CPU
		{759DF5D1-DF21-4F41-9BFA-07FCF9A56539}.Debug|iPhone.ActiveCfg = Debug|Any CPU
		{759DF5D1-DF21-4F41-9BFA-07FCF9A56539}.Debug|iPhone.Build.0 = Debug|Any CPU
		{759DF5D1-DF21-4F41-9BFA-07FCF9A56539}.Debug|iPhoneSimulator.ActiveCfg = Debug|Any CPU
		{759DF5D1-DF21-4F41-9BFA-07FCF9A56539}.Debug|iPhoneSimulator.Build.0 = Debug|Any CPU
		{759DF5D1-DF21-4F41-9BFA-07FCF9A56539}.Debug|x86.ActiveCfg = Debug|x86
		{759DF5D1-DF21-4F41-9BFA-07FCF9A56539}.Debug|x86.Build.0 = Debug|x86
		{759DF5D1-DF21-4F41-9BFA-07FCF9A56539}.Release|iPhone.ActiveCfg = Release|Any CPU
		{759DF5D1-DF21-4F41-9BFA-07FCF9A56539}.Release|iPhone.Build.0 = Release|Any CPU
		{759DF5D1-DF21-4F41-9BFA-07FCF9A56539}.Release|iPhoneSimulator.ActiveCfg = Release|Any CPU
		{759DF5D1-DF21-4F41-9BFA-07FCF9A56539}.Release|iPhoneSimulator.Build.0 = Release|Any CPU
		{759DF5D1-DF21-4F41-9BFA-07FCF9A56539}.Release|x86.ActiveCfg = Release|x86
		{759DF5D1-DF21-4F41-9BFA-07FCF9A56539}.Release|x86.Build.0 = Release|x86
		{76465AEE-B57B-4F86-8E28-8A543408504F}.Ad-Hoc|iPhone.ActiveCfg = Ad-Hoc|iPhone
		{76465AEE-B57B-4F86-8E28-8A543408504F}.Ad-Hoc|iPhone.Build.0 = Ad-Hoc|iPhone
		{76465AEE-B57B-4F86-8E28-8A543408504F}.AppStore|iPhone.ActiveCfg = AppStore|iPhone
		{76465AEE-B57B-4F86-8E28-8A543408504F}.AppStore|iPhone.Build.0 = AppStore|iPhone
		{76465AEE-B57B-4F86-8E28-8A543408504F}.Debug|iPhone.ActiveCfg = Debug|iPhone
		{76465AEE-B57B-4F86-8E28-8A543408504F}.Debug|iPhone.Build.0 = Debug|iPhone
		{76465AEE-B57B-4F86-8E28-8A543408504F}.Debug|iPhoneSimulator.ActiveCfg = Debug|iPhoneSimulator
		{76465AEE-B57B-4F86-8E28-8A543408504F}.Debug|iPhoneSimulator.Build.0 = Debug|iPhoneSimulator
		{76465AEE-B57B-4F86-8E28-8A543408504F}.Debug|x86.ActiveCfg = Debug|iPhoneSimulator
		{76465AEE-B57B-4F86-8E28-8A543408504F}.Debug|x86.Build.0 = Debug|iPhoneSimulator
		{76465AEE-B57B-4F86-8E28-8A543408504F}.Release|iPhone.ActiveCfg = Release|iPhone
		{76465AEE-B57B-4F86-8E28-8A543408504F}.Release|iPhone.Build.0 = Release|iPhone
		{76465AEE-B57B-4F86-8E28-8A543408504F}.Release|iPhoneSimulator.ActiveCfg = Release|iPhoneSimulator
		{76465AEE-B57B-4F86-8E28-8A543408504F}.Release|iPhoneSimulator.Build.0 = Release|iPhoneSimulator
		{76465AEE-B57B-4F86-8E28-8A543408504F}.Release|x86.ActiveCfg = Release|iPhoneSimulator
		{76465AEE-B57B-4F86-8E28-8A543408504F}.Release|x86.Build.0 = Release|iPhoneSimulator
		{D81D2A6D-37A7-4F57-B5F1-0AB716D5153B}.Ad-Hoc|iPhone.ActiveCfg = Debug|Any CPU
		{D81D2A6D-37A7-4F57-B5F1-0AB716D5153B}.Ad-Hoc|iPhone.Build.0 = Debug|Any CPU
		{D81D2A6D-37A7-4F57-B5F1-0AB716D5153B}.AppStore|iPhone.ActiveCfg = Debug|Any CPU
		{D81D2A6D-37A7-4F57-B5F1-0AB716D5153B}.AppStore|iPhone.Build.0 = Debug|Any CPU
		{D81D2A6D-37A7-4F57-B5F1-0AB716D5153B}.Debug|iPhone.ActiveCfg = Debug|Any CPU
		{D81D2A6D-37A7-4F57-B5F1-0AB716D5153B}.Debug|iPhone.Build.0 = Debug|Any CPU
		{D81D2A6D-37A7-4F57-B5F1-0AB716D5153B}.Debug|iPhoneSimulator.ActiveCfg = Debug|Any CPU
		{D81D2A6D-37A7-4F57-B5F1-0AB716D5153B}.Debug|iPhoneSimulator.Build.0 = Debug|Any CPU
		{D81D2A6D-37A7-4F57-B5F1-0AB716D5153B}.Debug|x86.ActiveCfg = Debug|x86
		{D81D2A6D-37A7-4F57-B5F1-0AB716D5153B}.Debug|x86.Build.0 = Debug|x86
		{D81D2A6D-37A7-4F57-B5F1-0AB716D5153B}.Release|iPhone.ActiveCfg = Release|Any CPU
		{D81D2A6D-37A7-4F57-B5F1-0AB716D5153B}.Release|iPhone.Build.0 = Release|Any CPU
		{D81D2A6D-37A7-4F57-B5F1-0AB716D5153B}.Release|iPhoneSimulator.ActiveCfg = Release|Any CPU
		{D81D2A6D-37A7-4F57-B5F1-0AB716D5153B}.Release|iPhoneSimulator.Build.0 = Release|Any CPU
		{D81D2A6D-37A7-4F57-B5F1-0AB716D5153B}.Release|x86.ActiveCfg = Release|x86
		{D81D2A6D-37A7-4F57-B5F1-0AB716D5153B}.Release|x86.Build.0 = Release|x86
	EndGlobalSection
	GlobalSection(NestedProjects) = preSolution
		{D81D2A6D-37A7-4F57-B5F1-0AB716D5153B} = {0EA9B5E9-AC49-4366-9745-F94BD0608A29}
		{753F6814-8D74-420A-AD62-493EBBEBE849} = {0EA9B5E9-AC49-4366-9745-F94BD0608A29}
	EndGlobalSection
	GlobalSection(MonoDevelopProperties) = preSolution
		StartupItem = Rotation.GameObjects\Rotation.GameObjects.csproj
	EndGlobalSection
EndGlobal
